
Microsoft Visual Studio Solution File, Format Version 12.00
# Visual Studio 15
VisualStudioVersion = 15.0.26730.12
MinimumVisualStudioVersion = 10.0.40219.1
Project("{FAE04EC0-301F-11D3-BF4B-00C04F79EFBC}") = "L02-TimedMathQuiz", "L02-TimedMathQuiz\L02-TimedMathQuiz.csproj", "{4CA78BA5-CC2E-4B39-98A3-D099ABFCD320}"
EndProject
Global
	GlobalSection(SolutionConfigurationPlatforms) = preSolution
		Debug|Any CPU = Debug|Any CPU
		Release|Any CPU = Release|Any CPU
	EndGlobalSection
	GlobalSection(ProjectConfigurationPlatforms) = postSolution
		{4CA78BA5-CC2E-4B39-98A3-D099ABFCD320}.Debug|Any CPU.ActiveCfg = Debug|Any CPU
		{4CA78BA5-CC2E-4B39-98A3-D099ABFCD320}.Debug|Any CPU.Build.0 = Debug|Any CPU
		{4CA78BA5-CC2E-4B39-98A3-D099ABFCD320}.Release|Any CPU.ActiveCfg = Release|Any CPU
		{4CA78BA5-CC2E-4B39-98A3-D099ABFCD320}.Release|Any CPU.Build.0 = Release|Any CPU
	EndGlobalSection
	GlobalSection(SolutionProperties) = preSolution
		HideSolutionNode = FALSE
	EndGlobalSection
	GlobalSection(ExtensibilityGlobals) = postSolution
		SolutionGuid = {62BE392E-B92D-491E-BDBD-9C80F7A2E888}
	EndGlobalSection
EndGlobal
